// !$*UTF8*$!
{
	archiveVersion = 1;
	classes = {
	};
	objectVersion = 50;
	objects = {

/* Begin PBXBuildFile section */
		C85DF08623540C210049FD58 /* main.cpp in Sources */ = {isa = PBXBuildFile; fileRef = C85DF08523540C210049FD58 /* main.cpp */; };
		C85DF08E23540E8E0049FD58 /* PlayingCard.cpp in Sources */ = {isa = PBXBuildFile; fileRef = C85DF08C23540E8E0049FD58 /* PlayingCard.cpp */; };
		C85DF091235418680049FD58 /* Deck.cpp in Sources */ = {isa = PBXBuildFile; fileRef = C85DF08F235418680049FD58 /* Deck.cpp */; };
		C85DF09323541D650049FD58 /* Suits.hpp in Sources */ = {isa = PBXBuildFile; fileRef = C85DF09223541D650049FD58 /* Suits.hpp */; };
		C85DF0952354DFE50049FD58 /* Suits.cpp in Sources */ = {isa = PBXBuildFile; fileRef = C85DF0942354DFE50049FD58 /* Suits.cpp */; };
		C85DF09823551C3C0049FD58 /* Ranks.cpp in Sources */ = {isa = PBXBuildFile; fileRef = C85DF09623551C3C0049FD58 /* Ranks.cpp */; };
/* End PBXBuildFile section */

/* Begin PBXCopyFilesBuildPhase section */
		C85DF08023540C210049FD58 /* CopyFiles */ = {
			isa = PBXCopyFilesBuildPhase;
			buildActionMask = 2147483647;
			dstPath = /usr/share/man/man1/;
			dstSubfolderSpec = 0;
			files = (
			);
			runOnlyForDeploymentPostprocessing = 1;
		};
/* End PBXCopyFilesBuildPhase section */

/* Begin PBXFileReference section */
		C85DF08223540C210049FD58 /* War */ = {isa = PBXFileReference; explicitFileType = "compiled.mach-o.executable"; includeInIndex = 0; path = War; sourceTree = BUILT_PRODUCTS_DIR; };
		C85DF08523540C210049FD58 /* main.cpp */ = {isa = PBXFileReference; lastKnownFileType = sourcecode.cpp.cpp; path = main.cpp; sourceTree = "<group>"; };
		C85DF08C23540E8E0049FD58 /* PlayingCard.cpp */ = {isa = PBXFileReference; lastKnownFileType = sourcecode.cpp.cpp; path = PlayingCard.cpp; sourceTree = "<group>"; };
		C85DF08D23540E8E0049FD58 /* PlayingCard.hpp */ = {isa = PBXFileReference; lastKnownFileType = sourcecode.cpp.h; path = PlayingCard.hpp; sourceTree = "<group>"; };
		C85DF08F235418680049FD58 /* Deck.cpp */ = {isa = PBXFileReference; lastKnownFileType = sourcecode.cpp.cpp; path = Deck.cpp; sourceTree = "<group>"; };
		C85DF090235418680049FD58 /* Deck.hpp */ = {isa = PBXFileReference; lastKnownFileType = sourcecode.cpp.h; path = Deck.hpp; sourceTree = "<group>"; };
		C85DF09223541D650049FD58 /* Suits.hpp */ = {isa = PBXFileReference; explicitFileType = sourcecode.cpp.h; path = Suits.hpp; sourceTree = "<group>"; };
		C85DF0942354DFE50049FD58 /* Suits.cpp */ = {isa = PBXFileReference; lastKnownFileType = sourcecode.cpp.cpp; path = Suits.cpp; sourceTree = "<group>"; };
		C85DF09623551C3C0049FD58 /* Ranks.cpp */ = {isa = PBXFileReference; lastKnownFileType = sourcecode.cpp.cpp; path = Ranks.cpp; sourceTree = "<group>"; };
		C85DF09723551C3C0049FD58 /* Ranks.hpp */ = {isa = PBXFileReference; lastKnownFileType = sourcecode.cpp.h; path = Ranks.hpp; sourceTree = "<group>"; };
/* End PBXFileReference section */

/* Begin PBXFrameworksBuildPhase section */
		C85DF07F23540C210049FD58 /* Frameworks */ = {
			isa = PBXFrameworksBuildPhase;
			buildActionMask = 2147483647;
			files = (
			);
			runOnlyForDeploymentPostprocessing = 0;
		};
/* End PBXFrameworksBuildPhase section */

/* Begin PBXGroup section */
		C85DF07923540C210049FD58 = {
			isa = PBXGroup;
			children = (
				C85DF08423540C210049FD58 /* CardGame */,
			);
			sourceTree = "<group>";
		};
		C85DF08323540C210049FD58 /* Products */ = {
			isa = PBXGroup;
			children = (
				C85DF08223540C210049FD58 /* War */,
			);
			name = Products;
			path = ..;
			sourceTree = "<group>";
		};
		C85DF08423540C210049FD58 /* CardGame */ = {
			isa = PBXGroup;
			children = (
				C85DF08523540C210049FD58 /* main.cpp */,
				C85DF08C23540E8E0049FD58 /* PlayingCard.cpp */,
				C85DF08D23540E8E0049FD58 /* PlayingCard.hpp */,
				C85DF08F235418680049FD58 /* Deck.cpp */,
				C85DF090235418680049FD58 /* Deck.hpp */,
				C85DF09223541D650049FD58 /* Suits.hpp */,
				C85DF0942354DFE50049FD58 /* Suits.cpp */,
				C85DF09623551C3C0049FD58 /* Ranks.cpp */,
				C85DF09723551C3C0049FD58 /* Ranks.hpp */,
				C85DF08323540C210049FD58 /* Products */,
			);
			path = CardGame;
			sourceTree = "<group>";
		};
/* End PBXGroup section */

/* Begin PBXNativeTarget section */
		C85DF08123540C210049FD58 /* War */ = {
			isa = PBXNativeTarget;
			buildConfigurationList = C85DF08923540C210049FD58 /* Build configuration list for PBXNativeTarget "War" */;
			buildPhases = (
				C85DF07E23540C210049FD58 /* Sources */,
				C85DF07F23540C210049FD58 /* Frameworks */,
				C85DF08023540C210049FD58 /* CopyFiles */,
			);
			buildRules = (
			);
			dependencies = (
			);
			name = War;
			productName = War;
			productReference = C85DF08223540C210049FD58 /* War */;
			productType = "com.apple.product-type.tool";
		};
/* End PBXNativeTarget section */

/* Begin PBXProject section */
		C85DF07A23540C210049FD58 /* Project object */ = {
			isa = PBXProject;
			attributes = {
				LastUpgradeCheck = 1110;
				ORGANIZATIONNAME = "Clay Jackson";
				TargetAttributes = {
					C85DF08123540C210049FD58 = {
						CreatedOnToolsVersion = 11.1;
					};
				};
			};
			buildConfigurationList = C85DF07D23540C210049FD58 /* Build configuration list for PBXProject "CardGame" */;
			compatibilityVersion = "Xcode 9.3";
			developmentRegion = en;
			hasScannedForEncodings = 0;
			knownRegions = (
				en,
				Base,
			);
			mainGroup = C85DF07923540C210049FD58;
			productRefGroup = C85DF08323540C210049FD58 /* Products */;
			projectDirPath = "";
			projectRoot = "";
			targets = (
				C85DF08123540C210049FD58 /* War */,
			);
		};
/* End PBXProject section */

/* Begin PBXSourcesBuildPhase section */
		C85DF07E23540C210049FD58 /* Sources */ = {
			isa = PBXSourcesBuildPhase;
			buildActionMask = 2147483647;
			files = (
				C85DF091235418680049FD58 /* Deck.cpp in Sources */,
				C85DF08E23540E8E0049FD58 /* PlayingCard.cpp in Sources */,
				C85DF09323541D650049FD58 /* Suits.hpp in Sources */,
				C85DF08623540C210049FD58 /* main.cpp in Sources */,
				C85DF0952354DFE50049FD58 /* Suits.cpp in Sources */,
				C85DF09823551C3C0049FD58 /* Ranks.cpp in Sources */,
			);
			runOnlyForDeploymentPostprocessing = 0;
		};
/* End PBXSourcesBuildPhase section */

/* Begin XCBuildConfiguration section */
		C85DF08723540C210049FD58 /* Debug */ = {
			isa = XCBuildConfiguration;
			buildSettings = {
				ALWAYS_SEARCH_USER_PATHS = NO;
				CLANG_ANALYZER_NONNULL = YES;
				CLANG_ANALYZER_NUMBER_OBJECT_CONVERSION = YES_AGGRESSIVE;
				CLANG_CXX_LANGUAGE_STANDARD = "gnu++14";
				CLANG_CXX_LIBRARY = "libc++";
				CLANG_ENABLE_MODULES = YES;
				CLANG_ENABLE_OBJC_ARC = YES;
				CLANG_ENABLE_OBJC_WEAK = YES;
				CLANG_WARN_BLOCK_CAPTURE_AUTORELEASING = YES;
				CLANG_WARN_BOOL_CONVERSION = YES;
				CLANG_WARN_COMMA = YES;
				CLANG_WARN_CONSTANT_CONVERSION = YES;
				CLANG_WARN_DEPRECATED_OBJC_IMPLEMENTATIONS = YES;
				CLANG_WARN_DIRECT_OBJC_ISA_USAGE = YES_ERROR;
				CLANG_WARN_DOCUMENTATION_COMMENTS = YES;
				CLANG_WARN_EMPTY_BODY = YES;
				CLANG_WARN_ENUM_CONVERSION = YES;
				CLANG_WARN_INFINITE_RECURSION = YES;
				CLANG_WARN_INT_CONVERSION = YES;
				CLANG_WARN_NON_LITERAL_NULL_CONVERSION = YES;
				CLANG_WARN_OBJC_IMPLICIT_RETAIN_SELF = YES;
				CLANG_WARN_OBJC_LITERAL_CONVERSION = YES;
				CLANG_WARN_OBJC_ROOT_CLASS = YES_ERROR;
				CLANG_WARN_RANGE_LOOP_ANALYSIS = YES;
				CLANG_WARN_STRICT_PROTOTYPES = YES;
				CLANG_WARN_SUSPICIOUS_MOVE = YES;
				CLANG_WARN_UNGUARDED_AVAILABILITY = YES_AGGRESSIVE;
				CLANG_WARN_UNREACHABLE_CODE = YES;
				CLANG_WARN__DUPLICATE_METHOD_MATCH = YES;
				COPY_PHASE_STRIP = NO;
				DEBUG_INFORMATION_FORMAT = dwarf;
				ENABLE_STRICT_OBJC_MSGSEND = YES;
				ENABLE_TESTABILITY = YES;
				GCC_C_LANGUAGE_STANDARD = gnu11;
				GCC_DYNAMIC_NO_PIC = NO;
				GCC_NO_COMMON_BLOCKS = YES;
				GCC_OPTIMIZATION_LEVEL = 0;
				GCC_PREPROCESSOR_DEFINITIONS = (
					"DEBUG=1",
					"$(inherited)",
				);
				GCC_WARN_64_TO_32_BIT_CONVERSION = YES;
				GCC_WARN_ABOUT_RETURN_TYPE = YES_ERROR;
				GCC_WARN_UNDECLARED_SELECTOR = YES;
				GCC_WARN_UNINITIALIZED_AUTOS = YES_AGGRESSIVE;
				GCC_WARN_UNUSED_FUNCTION = YES;
				GCC_WARN_UNUSED_VARIABLE = YES;
				MACOSX_DEPLOYMENT_TARGET = 10.14;
				MTL_ENABLE_DEBUG_INFO = INCLUDE_SOURCE;
				MTL_FAST_MATH = YES;
				ONLY_ACTIVE_ARCH = YES;
				SDKROOT = macosx;
			};
			name = Debug;
		};
		C85DF08823540C210049FD58 /* Release */ = {
			isa = XCBuildConfiguration;
			buildSettings = {
				ALWAYS_SEARCH_USER_PATHS = NO;
				CLANG_ANALYZER_NONNULL = YES;
				CLANG_ANALYZER_NUMBER_OBJECT_CONVERSION = YES_AGGRESSIVE;
				CLANG_CXX_LANGUAGE_STANDARD = "gnu++14";
				CLANG_CXX_LIBRARY = "libc++";
				CLANG_ENABLE_MODULES = YES;
				CLANG_ENABLE_OBJC_ARC = YES;
				CLANG_ENABLE_OBJC_WEAK = YES;
				CLANG_WARN_BLOCK_CAPTURE_AUTORELEASING = YES;
				CLANG_WARN_BOOL_CONVERSION = YES;
				CLANG_WARN_COMMA = YES;
				CLANG_WARN_CONSTANT_CONVERSION = YES;
				CLANG_WARN_DEPRECATED_OBJC_IMPLEMENTATIONS = YES;
				CLANG_WARN_DIRECT_OBJC_ISA_USAGE = YES_ERROR;
				CLANG_WARN_DOCUMENTATION_COMMENTS = YES;
				CLANG_WARN_EMPTY_BODY = YES;
				CLANG_WARN_ENUM_CONVERSION = YES;
				CLANG_WARN_INFINITE_RECURSION = YES;
				CLANG_WARN_INT_CONVERSION = YES;
				CLANG_WARN_NON_LITERAL_NULL_CONVERSION = YES;
				CLANG_WARN_OBJC_IMPLICIT_RETAIN_SELF = YES;
				CLANG_WARN_OBJC_LITERAL_CONVERSION = YES;
				CLANG_WARN_OBJC_ROOT_CLASS = YES_ERROR;
				CLANG_WARN_RANGE_LOOP_ANALYSIS = YES;
				CLANG_WARN_STRICT_PROTOTYPES = YES;
				CLANG_WARN_SUSPICIOUS_MOVE = YES;
				CLANG_WARN_UNGUARDED_AVAILABILITY = YES_AGGRESSIVE;
				CLANG_WARN_UNREACHABLE_CODE = YES;
				CLANG_WARN__DUPLICATE_METHOD_MATCH = YES;
				COPY_PHASE_STRIP = NO;
				DEBUG_INFORMATION_FORMAT = "dwarf-with-dsym";
				ENABLE_NS_ASSERTIONS = NO;
				ENABLE_STRICT_OBJC_MSGSEND = YES;
				GCC_C_LANGUAGE_STANDARD = gnu11;
				GCC_NO_COMMON_BLOCKS = YES;
				GCC_WARN_64_TO_32_BIT_CONVERSION = YES;
				GCC_WARN_ABOUT_RETURN_TYPE = YES_ERROR;
				GCC_WARN_UNDECLARED_SELECTOR = YES;
				GCC_WARN_UNINITIALIZED_AUTOS = YES_AGGRESSIVE;
				GCC_WARN_UNUSED_FUNCTION = YES;
				GCC_WARN_UNUSED_VARIABLE = YES;
				MACOSX_DEPLOYMENT_TARGET = 10.14;
				MTL_ENABLE_DEBUG_INFO = NO;
				MTL_FAST_MATH = YES;
				SDKROOT = macosx;
			};
			name = Release;
		};
		C85DF08A23540C210049FD58 /* Debug */ = {
			isa = XCBuildConfiguration;
			buildSettings = {
				CODE_SIGN_STYLE = Automatic;
				DEVELOPMENT_TEAM = K7V8GTEUH6;
				ENABLE_HARDENED_RUNTIME = YES;
				PRODUCT_NAME = "$(TARGET_NAME)";
			};
			name = Debug;
		};
		C85DF08B23540C210049FD58 /* Release */ = {
			isa = XCBuildConfiguration;
			buildSettings = {
				CODE_SIGN_STYLE = Automatic;
				DEVELOPMENT_TEAM = K7V8GTEUH6;
				ENABLE_HARDENED_RUNTIME = YES;
				PRODUCT_NAME = "$(TARGET_NAME)";
			};
			name = Release;
		};
/* End XCBuildConfiguration section */

/* Begin XCConfigurationList section */
		C85DF07D23540C210049FD58 /* Build configuration list for PBXProject "CardGame" */ = {
			isa = XCConfigurationList;
			buildConfigurations = (
				C85DF08723540C210049FD58 /* Debug */,
				C85DF08823540C210049FD58 /* Release */,
			);
			defaultConfigurationIsVisible = 0;
			defaultConfigurationName = Release;
		};
		C85DF08923540C210049FD58 /* Build configuration list for PBXNativeTarget "War" */ = {
			isa = XCConfigurationList;
			buildConfigurations = (
				C85DF08A23540C210049FD58 /* Debug */,
				C85DF08B23540C210049FD58 /* Release */,
			);
			defaultConfigurationIsVisible = 0;
			defaultConfigurationName = Release;
		};
/* End XCConfigurationList section */
	};
	rootObject = C85DF07A23540C210049FD58 /* Project object */;
}
